
Microsoft Visual Studio Solution File, Format Version 10.00
# Visual Studio 2008
Project("{8BC9CEB8-8B4A-11D0-8D11-00A0C91BC942}") = "HtmlWriter", "HtmlWriter\HtmlWriter.vcproj", "{B9FF25C4-B6BA-42EF-8528-EDB6149C22DB}"
	ProjectSection(ProjectDependencies) = postProject
		{C98A0F1E-0DFE-4D6F-8E11-4295DCADC71D} = {C98A0F1E-0DFE-4D6F-8E11-4295DCADC71D}
		{035E5F72-7190-46A8-A58A-DD83680AEF84} = {035E5F72-7190-46A8-A58A-DD83680AEF84}
		{13AACD9B-B2A7-4BBD-A181-1EC3D862F2D3} = {13AACD9B-B2A7-4BBD-A181-1EC3D862F2D3}
		{FD8DDAAF-C87A-4981-A9B5-C8D89264585D} = {FD8DDAAF-C87A-4981-A9B5-C8D89264585D}
		{132130F6-5B55-4AC6-883A-B4F6E214F960} = {132130F6-5B55-4AC6-883A-B4F6E214F960}
	EndProjectSection
EndProject
Project("{8BC9CEB8-8B4A-11D0-8D11-00A0C91BC942}") = "Ui", "Ui\Ui.vcproj", "{035E5F72-7190-46A8-A58A-DD83680AEF84}"
EndProject
Project("{8BC9CEB8-8B4A-11D0-8D11-00A0C91BC942}") = "service", "service\service.vcproj", "{C98A0F1E-0DFE-4D6F-8E11-4295DCADC71D}"
EndProject
Project("{8BC9CEB8-8B4A-11D0-8D11-00A0C91BC942}") = "utils", "utils\utils.vcproj", "{A147FC86-4A37-463E-A4C7-CE8800159C89}"
EndProject
Project("{8BC9CEB8-8B4A-11D0-8D11-00A0C91BC942}") = "DirectoryViewPart", "DirectoryViewPart\DirectoryViewPart.vcproj", "{13AACD9B-B2A7-4BBD-A181-1EC3D862F2D3}"
EndProject
Project("{2150E333-8FDC-42A3-9474-1A3956D46DE8}") = "framework", "framework", "{65349356-EB6D-4AE3-9D06-F5B5B7CD093D}"
EndProject
Project("{2150E333-8FDC-42A3-9474-1A3956D46DE8}") = "plugins", "plugins", "{2E5CA386-D495-46F6-906A-888781E47921}"
EndProject
Project("{8BC9CEB8-8B4A-11D0-8D11-00A0C91BC942}") = "data", "DataStream\DataStream.vcproj", "{B3A20627-019E-47D2-84CF-63046090B98F}"
EndProject
Project("{8BC9CEB8-8B4A-11D0-8D11-00A0C91BC942}") = "MarkdownEditorViewPart", "MarkdownEditorViewPart\MarkdownEditorViewPart.vcproj", "{FD8DDAAF-C87A-4981-A9B5-C8D89264585D}"
EndProject
Project("{8BC9CEB8-8B4A-11D0-8D11-00A0C91BC942}") = "HtmlPreviewViewPart", "HtmlPreviewViewPart\HtmlPreviewViewPart.vcproj", "{132130F6-5B55-4AC6-883A-B4F6E214F960}"
EndProject
Project("{2150E333-8FDC-42A3-9474-1A3956D46DE8}") = "parser", "parser", "{73715A5C-3E58-4174-AA12-852087EE5AE5}"
EndProject
Project("{8BC9CEB8-8B4A-11D0-8D11-00A0C91BC942}") = "ChadMarkdown", "ChadMarkdown\ChadMarkdown.vcproj", "{B3B1A2E5-9B94-406E-911C-8ECB546DCD44}"
EndProject
Global
	GlobalSection(SolutionConfigurationPlatforms) = preSolution
		Debug|Win32 = Debug|Win32
		Release|Win32 = Release|Win32
	EndGlobalSection
	GlobalSection(ProjectConfigurationPlatforms) = postSolution
		{B9FF25C4-B6BA-42EF-8528-EDB6149C22DB}.Debug|Win32.ActiveCfg = Debug|Win32
		{B9FF25C4-B6BA-42EF-8528-EDB6149C22DB}.Debug|Win32.Build.0 = Debug|Win32
		{B9FF25C4-B6BA-42EF-8528-EDB6149C22DB}.Release|Win32.ActiveCfg = Release|Win32
		{B9FF25C4-B6BA-42EF-8528-EDB6149C22DB}.Release|Win32.Build.0 = Release|Win32
		{035E5F72-7190-46A8-A58A-DD83680AEF84}.Debug|Win32.ActiveCfg = Debug|Win32
		{035E5F72-7190-46A8-A58A-DD83680AEF84}.Debug|Win32.Build.0 = Debug|Win32
		{035E5F72-7190-46A8-A58A-DD83680AEF84}.Release|Win32.ActiveCfg = Release|Win32
		{035E5F72-7190-46A8-A58A-DD83680AEF84}.Release|Win32.Build.0 = Release|Win32
		{C98A0F1E-0DFE-4D6F-8E11-4295DCADC71D}.Debug|Win32.ActiveCfg = Debug|Win32
		{C98A0F1E-0DFE-4D6F-8E11-4295DCADC71D}.Debug|Win32.Build.0 = Debug|Win32
		{C98A0F1E-0DFE-4D6F-8E11-4295DCADC71D}.Release|Win32.ActiveCfg = Release|Win32
		{C98A0F1E-0DFE-4D6F-8E11-4295DCADC71D}.Release|Win32.Build.0 = Release|Win32
		{A147FC86-4A37-463E-A4C7-CE8800159C89}.Debug|Win32.ActiveCfg = Debug|Win32
		{A147FC86-4A37-463E-A4C7-CE8800159C89}.Debug|Win32.Build.0 = Debug|Win32
		{A147FC86-4A37-463E-A4C7-CE8800159C89}.Release|Win32.ActiveCfg = Release|Win32
		{A147FC86-4A37-463E-A4C7-CE8800159C89}.Release|Win32.Build.0 = Release|Win32
		{13AACD9B-B2A7-4BBD-A181-1EC3D862F2D3}.Debug|Win32.ActiveCfg = Debug|Win32
		{13AACD9B-B2A7-4BBD-A181-1EC3D862F2D3}.Debug|Win32.Build.0 = Debug|Win32
		{13AACD9B-B2A7-4BBD-A181-1EC3D862F2D3}.Release|Win32.ActiveCfg = Release|Win32
		{13AACD9B-B2A7-4BBD-A181-1EC3D862F2D3}.Release|Win32.Build.0 = Release|Win32
		{B3A20627-019E-47D2-84CF-63046090B98F}.Debug|Win32.ActiveCfg = Debug|Win32
		{B3A20627-019E-47D2-84CF-63046090B98F}.Debug|Win32.Build.0 = Debug|Win32
		{B3A20627-019E-47D2-84CF-63046090B98F}.Release|Win32.ActiveCfg = Release|Win32
		{B3A20627-019E-47D2-84CF-63046090B98F}.Release|Win32.Build.0 = Release|Win32
		{FD8DDAAF-C87A-4981-A9B5-C8D89264585D}.Debug|Win32.ActiveCfg = Debug|Win32
		{FD8DDAAF-C87A-4981-A9B5-C8D89264585D}.Debug|Win32.Build.0 = Debug|Win32
		{FD8DDAAF-C87A-4981-A9B5-C8D89264585D}.Release|Win32.ActiveCfg = Release|Win32
		{FD8DDAAF-C87A-4981-A9B5-C8D89264585D}.Release|Win32.Build.0 = Release|Win32
		{132130F6-5B55-4AC6-883A-B4F6E214F960}.Debug|Win32.ActiveCfg = Debug|Win32
		{132130F6-5B55-4AC6-883A-B4F6E214F960}.Debug|Win32.Build.0 = Debug|Win32
		{132130F6-5B55-4AC6-883A-B4F6E214F960}.Release|Win32.ActiveCfg = Release|Win32
		{132130F6-5B55-4AC6-883A-B4F6E214F960}.Release|Win32.Build.0 = Release|Win32
		{B3B1A2E5-9B94-406E-911C-8ECB546DCD44}.Debug|Win32.ActiveCfg = Debug|Win32
		{B3B1A2E5-9B94-406E-911C-8ECB546DCD44}.Debug|Win32.Build.0 = Debug|Win32
		{B3B1A2E5-9B94-406E-911C-8ECB546DCD44}.Release|Win32.ActiveCfg = Release|Win32
		{B3B1A2E5-9B94-406E-911C-8ECB546DCD44}.Release|Win32.Build.0 = Release|Win32
	EndGlobalSection
	GlobalSection(SolutionProperties) = preSolution
		HideSolutionNode = FALSE
	EndGlobalSection
	GlobalSection(NestedProjects) = preSolution
		{C98A0F1E-0DFE-4D6F-8E11-4295DCADC71D} = {65349356-EB6D-4AE3-9D06-F5B5B7CD093D}
		{A147FC86-4A37-463E-A4C7-CE8800159C89} = {65349356-EB6D-4AE3-9D06-F5B5B7CD093D}
		{035E5F72-7190-46A8-A58A-DD83680AEF84} = {65349356-EB6D-4AE3-9D06-F5B5B7CD093D}
		{B3A20627-019E-47D2-84CF-63046090B98F} = {65349356-EB6D-4AE3-9D06-F5B5B7CD093D}
		{13AACD9B-B2A7-4BBD-A181-1EC3D862F2D3} = {2E5CA386-D495-46F6-906A-888781E47921}
		{FD8DDAAF-C87A-4981-A9B5-C8D89264585D} = {2E5CA386-D495-46F6-906A-888781E47921}
		{132130F6-5B55-4AC6-883A-B4F6E214F960} = {2E5CA386-D495-46F6-906A-888781E47921}
		{B3B1A2E5-9B94-406E-911C-8ECB546DCD44} = {73715A5C-3E58-4174-AA12-852087EE5AE5}
	EndGlobalSection
EndGlobal
