
Microsoft Visual Studio Solution File, Format Version 10.00
# Visual Studio 2008
Project("{8BC9CEB8-8B4A-11D0-8D11-00A0C91BC942}") = "HtmlWriter", "HtmlWriter\HtmlWriter.vcproj", "{B9FF25C4-B6BA-42EF-8528-EDB6149C22DB}"
	ProjectSection(ProjectDependencies) = postProject
		{C98A0F1E-0DFE-4D6F-8E11-4295DCADC71D} = {C98A0F1E-0DFE-4D6F-8E11-4295DCADC71D}
		{035E5F72-7190-46A8-A58A-DD83680AEF84} = {035E5F72-7190-46A8-A58A-DD83680AEF84}
		{13AACD9B-B2A7-4BBD-A181-1EC3D862F2D3} = {13AACD9B-B2A7-4BBD-A181-1EC3D862F2D3}
		{0CA7C5E0-F285-4B0E-8D1F-2BAFE19C9F97} = {0CA7C5E0-F285-4B0E-8D1F-2BAFE19C9F97}
	EndProjectSection
EndProject
Project("{8BC9CEB8-8B4A-11D0-8D11-00A0C91BC942}") = "Ui", "Ui\Ui.vcproj", "{035E5F72-7190-46A8-A58A-DD83680AEF84}"
EndProject
Project("{8BC9CEB8-8B4A-11D0-8D11-00A0C91BC942}") = "service", "service\service.vcproj", "{C98A0F1E-0DFE-4D6F-8E11-4295DCADC71D}"
EndProject
Project("{8BC9CEB8-8B4A-11D0-8D11-00A0C91BC942}") = "utils", "utils\utils.vcproj", "{A147FC86-4A37-463E-A4C7-CE8800159C89}"
EndProject
Project("{8BC9CEB8-8B4A-11D0-8D11-00A0C91BC942}") = "DirectoryViewPart", "DirectoryViewPart\DirectoryViewPart.vcproj", "{13AACD9B-B2A7-4BBD-A181-1EC3D862F2D3}"
EndProject
Project("{8BC9CEB8-8B4A-11D0-8D11-00A0C91BC942}") = "MarkdownEditorViewPart", "MarkdownEditorViewPart\MarkdownEditorViewPart.vcproj", "{0CA7C5E0-F285-4B0E-8D1F-2BAFE19C9F97}"
	ProjectSection(ProjectDependencies) = postProject
		{C98A0F1E-0DFE-4D6F-8E11-4295DCADC71D} = {C98A0F1E-0DFE-4D6F-8E11-4295DCADC71D}
		{035E5F72-7190-46A8-A58A-DD83680AEF84} = {035E5F72-7190-46A8-A58A-DD83680AEF84}
		{A147FC86-4A37-463E-A4C7-CE8800159C89} = {A147FC86-4A37-463E-A4C7-CE8800159C89}
	EndProjectSection
EndProject
Global
	GlobalSection(SolutionConfigurationPlatforms) = preSolution
		Debug|Win32 = Debug|Win32
		Release|Win32 = Release|Win32
	EndGlobalSection
	GlobalSection(ProjectConfigurationPlatforms) = postSolution
		{B9FF25C4-B6BA-42EF-8528-EDB6149C22DB}.Debug|Win32.ActiveCfg = Debug|Win32
		{B9FF25C4-B6BA-42EF-8528-EDB6149C22DB}.Debug|Win32.Build.0 = Debug|Win32
		{B9FF25C4-B6BA-42EF-8528-EDB6149C22DB}.Release|Win32.ActiveCfg = Release|Win32
		{B9FF25C4-B6BA-42EF-8528-EDB6149C22DB}.Release|Win32.Build.0 = Release|Win32
		{035E5F72-7190-46A8-A58A-DD83680AEF84}.Debug|Win32.ActiveCfg = Debug|Win32
		{035E5F72-7190-46A8-A58A-DD83680AEF84}.Debug|Win32.Build.0 = Debug|Win32
		{035E5F72-7190-46A8-A58A-DD83680AEF84}.Release|Win32.ActiveCfg = Release|Win32
		{035E5F72-7190-46A8-A58A-DD83680AEF84}.Release|Win32.Build.0 = Release|Win32
		{C98A0F1E-0DFE-4D6F-8E11-4295DCADC71D}.Debug|Win32.ActiveCfg = Debug|Win32
		{C98A0F1E-0DFE-4D6F-8E11-4295DCADC71D}.Debug|Win32.Build.0 = Debug|Win32
		{C98A0F1E-0DFE-4D6F-8E11-4295DCADC71D}.Release|Win32.ActiveCfg = Release|Win32
		{C98A0F1E-0DFE-4D6F-8E11-4295DCADC71D}.Release|Win32.Build.0 = Release|Win32
		{A147FC86-4A37-463E-A4C7-CE8800159C89}.Debug|Win32.ActiveCfg = Debug|Win32
		{A147FC86-4A37-463E-A4C7-CE8800159C89}.Debug|Win32.Build.0 = Debug|Win32
		{A147FC86-4A37-463E-A4C7-CE8800159C89}.Release|Win32.ActiveCfg = Release|Win32
		{A147FC86-4A37-463E-A4C7-CE8800159C89}.Release|Win32.Build.0 = Release|Win32
		{13AACD9B-B2A7-4BBD-A181-1EC3D862F2D3}.Debug|Win32.ActiveCfg = Debug|Win32
		{13AACD9B-B2A7-4BBD-A181-1EC3D862F2D3}.Debug|Win32.Build.0 = Debug|Win32
		{13AACD9B-B2A7-4BBD-A181-1EC3D862F2D3}.Release|Win32.ActiveCfg = Release|Win32
		{13AACD9B-B2A7-4BBD-A181-1EC3D862F2D3}.Release|Win32.Build.0 = Release|Win32
		{0CA7C5E0-F285-4B0E-8D1F-2BAFE19C9F97}.Debug|Win32.ActiveCfg = Debug|Win32
		{0CA7C5E0-F285-4B0E-8D1F-2BAFE19C9F97}.Debug|Win32.Build.0 = Debug|Win32
		{0CA7C5E0-F285-4B0E-8D1F-2BAFE19C9F97}.Release|Win32.ActiveCfg = Release|Win32
		{0CA7C5E0-F285-4B0E-8D1F-2BAFE19C9F97}.Release|Win32.Build.0 = Release|Win32
	EndGlobalSection
	GlobalSection(SolutionProperties) = preSolution
		HideSolutionNode = FALSE
	EndGlobalSection
EndGlobal
